// !$*UTF8*$!
{
	archiveVersion = 1;
	classes = {
	};
	objectVersion = 56;
	objects = {

/* Begin PBXBuildFile section */
		54EE4F29296FDC5C00CABE63 /* AppDelegate.swift in Sources */ = {isa = PBXBuildFile; fileRef = 54EE4F28296FDC5C00CABE63 /* AppDelegate.swift */; };
		54EE4F2B296FDC5C00CABE63 /* SceneDelegate.swift in Sources */ = {isa = PBXBuildFile; fileRef = 54EE4F2A296FDC5C00CABE63 /* SceneDelegate.swift */; };
		54EE4F2D296FDC5C00CABE63 /* ViewController.swift in Sources */ = {isa = PBXBuildFile; fileRef = 54EE4F2C296FDC5C00CABE63 /* ViewController.swift */; };
		54EE4F30296FDC5C00CABE63 /* Main.storyboard in Resources */ = {isa = PBXBuildFile; fileRef = 54EE4F2E296FDC5C00CABE63 /* Main.storyboard */; };
		54EE4F32296FDC5D00CABE63 /* Assets.xcassets in Resources */ = {isa = PBXBuildFile; fileRef = 54EE4F31296FDC5D00CABE63 /* Assets.xcassets */; };
		54EE4F35296FDC5D00CABE63 /* LaunchScreen.storyboard in Resources */ = {isa = PBXBuildFile; fileRef = 54EE4F33296FDC5D00CABE63 /* LaunchScreen.storyboard */; };
		54EE4F3D296FDD3D00CABE63 /* Person.swift in Sources */ = {isa = PBXBuildFile; fileRef = 54EE4F3C296FDD3D00CABE63 /* Person.swift */; };
/* End PBXBuildFile section */

/* Begin PBXFileReference section */
		54EE4F25296FDC5C00CABE63 /* GreatingApp.app */ = {isa = PBXFileReference; explicitFileType = wrapper.application; includeInIndex = 0; path = GreatingApp.app; sourceTree = BUILT_PRODUCTS_DIR; };
		54EE4F28296FDC5C00CABE63 /* AppDelegate.swift */ = {isa = PBXFileReference; lastKnownFileType = sourcecode.swift; path = AppDelegate.swift; sourceTree = "<group>"; };
		54EE4F2A296FDC5C00CABE63 /* SceneDelegate.swift */ = {isa = PBXFileReference; lastKnownFileType = sourcecode.swift; path = SceneDelegate.swift; sourceTree = "<group>"; };
		54EE4F2C296FDC5C00CABE63 /* ViewController.swift */ = {isa = PBXFileReference; lastKnownFileType = sourcecode.swift; path = ViewController.swift; sourceTree = "<group>"; };
		54EE4F2F296FDC5C00CABE63 /* Base */ = {isa = PBXFileReference; lastKnownFileType = file.storyboard; name = Base; path = Base.lproj/Main.storyboard; sourceTree = "<group>"; };
		54EE4F31296FDC5D00CABE63 /* Assets.xcassets */ = {isa = PBXFileReference; lastKnownFileType = folder.assetcatalog; path = Assets.xcassets; sourceTree = "<group>"; };
		54EE4F34296FDC5D00CABE63 /* Base */ = {isa = PBXFileReference; lastKnownFileType = file.storyboard; name = Base; path = Base.lproj/LaunchScreen.storyboard; sourceTree = "<group>"; };
		54EE4F36296FDC5D00CABE63 /* Info.plist */ = {isa = PBXFileReference; lastKnownFileType = text.plist.xml; path = Info.plist; sourceTree = "<group>"; };
		54EE4F3C296FDD3D00CABE63 /* Person.swift */ = {isa = PBXFileReference; lastKnownFileType = sourcecode.swift; path = Person.swift; sourceTree = "<group>"; };
/* End PBXFileReference section */

/* Begin PBXFrameworksBuildPhase section */
		54EE4F22296FDC5C00CABE63 /* Frameworks */ = {
			isa = PBXFrameworksBuildPhase;
			buildActionMask = 2147483647;
			files = (
			);
			runOnlyForDeploymentPostprocessing = 0;
		};
/* End PBXFrameworksBuildPhase section */

/* Begin PBXGroup section */
		54EE4F1C296FDC5C00CABE63 = {
			isa = PBXGroup;
			children = (
				54EE4F27296FDC5C00CABE63 /* GreatingApp */,
				54EE4F26296FDC5C00CABE63 /* Products */,
			);
			sourceTree = "<group>";
		};
		54EE4F26296FDC5C00CABE63 /* Products */ = {
			isa = PBXGroup;
			children = (
				54EE4F25296FDC5C00CABE63 /* GreatingApp.app */,
			);
			name = Products;
			sourceTree = "<group>";
		};
		54EE4F27296FDC5C00CABE63 /* GreatingApp */ = {
			isa = PBXGroup;
			children = (
				54EE4F3F296FDE8D00CABE63 /* SupportFiles */,
				54EE4F41296FDEAB00CABE63 /* ViewControllers */,
				54EE4F40296FDE9D00CABE63 /* Models */,
				54EE4F3E296FDE7A00CABE63 /* Storyboards */,
				54EE4F42296FDEBB00CABE63 /* MediaFiles */,
			);
			path = GreatingApp;
			sourceTree = "<group>";
		};
		54EE4F3E296FDE7A00CABE63 /* Storyboards */ = {
			isa = PBXGroup;
			children = (
				54EE4F2E296FDC5C00CABE63 /* Main.storyboard */,
				54EE4F33296FDC5D00CABE63 /* LaunchScreen.storyboard */,
			);
			path = Storyboards;
			sourceTree = "<group>";
		};
		54EE4F3F296FDE8D00CABE63 /* SupportFiles */ = {
			isa = PBXGroup;
			children = (
				54EE4F28296FDC5C00CABE63 /* AppDelegate.swift */,
				54EE4F2A296FDC5C00CABE63 /* SceneDelegate.swift */,
				54EE4F36296FDC5D00CABE63 /* Info.plist */,
			);
			path = SupportFiles;
			sourceTree = "<group>";
		};
		54EE4F40296FDE9D00CABE63 /* Models */ = {
			isa = PBXGroup;
			children = (
				54EE4F3C296FDD3D00CABE63 /* Person.swift */,
			);
			path = Models;
			sourceTree = "<group>";
		};
		54EE4F41296FDEAB00CABE63 /* ViewControllers */ = {
			isa = PBXGroup;
			children = (
				54EE4F2C296FDC5C00CABE63 /* ViewController.swift */,
			);
			path = ViewControllers;
			sourceTree = "<group>";
		};
		54EE4F42296FDEBB00CABE63 /* MediaFiles */ = {
			isa = PBXGroup;
			children = (
				54EE4F31296FDC5D00CABE63 /* Assets.xcassets */,
			);
			path = MediaFiles;
			sourceTree = "<group>";
		};
/* End PBXGroup section */

/* Begin PBXNativeTarget section */
		54EE4F24296FDC5C00CABE63 /* GreatingApp */ = {
			isa = PBXNativeTarget;
			buildConfigurationList = 54EE4F39296FDC5D00CABE63 /* Build configuration list for PBXNativeTarget "GreatingApp" */;
			buildPhases = (
				54EE4F21296FDC5C00CABE63 /* Sources */,
				54EE4F22296FDC5C00CABE63 /* Frameworks */,
				54EE4F23296FDC5C00CABE63 /* Resources */,
			);
			buildRules = (
			);
			dependencies = (
			);
			name = GreatingApp;
			productName = GreatingApp;
			productReference = 54EE4F25296FDC5C00CABE63 /* GreatingApp.app */;
			productType = "com.apple.product-type.application";
		};
/* End PBXNativeTarget section */

/* Begin PBXProject section */
		54EE4F1D296FDC5C00CABE63 /* Project object */ = {
			isa = PBXProject;
			attributes = {
				BuildIndependentTargetsInParallel = 1;
				LastSwiftUpdateCheck = 1420;
				LastUpgradeCheck = 1420;
				TargetAttributes = {
					54EE4F24296FDC5C00CABE63 = {
						CreatedOnToolsVersion = 14.2;
					};
				};
			};
			buildConfigurationList = 54EE4F20296FDC5C00CABE63 /* Build configuration list for PBXProject "GreatingApp" */;
			compatibilityVersion = "Xcode 14.0";
			developmentRegion = en;
			hasScannedForEncodings = 0;
			knownRegions = (
				en,
				Base,
			);
			mainGroup = 54EE4F1C296FDC5C00CABE63;
			productRefGroup = 54EE4F26296FDC5C00CABE63 /* Products */;
			projectDirPath = "";
			projectRoot = "";
			targets = (
				54EE4F24296FDC5C00CABE63 /* GreatingApp */,
			);
		};
/* End PBXProject section */

/* Begin PBXResourcesBuildPhase section */
		54EE4F23296FDC5C00CABE63 /* Resources */ = {
			isa = PBXResourcesBuildPhase;
			buildActionMask = 2147483647;
			files = (
				54EE4F35296FDC5D00CABE63 /* LaunchScreen.storyboard in Resources */,
				54EE4F32296FDC5D00CABE63 /* Assets.xcassets in Resources */,
				54EE4F30296FDC5C00CABE63 /* Main.storyboard in Resources */,
			);
			runOnlyForDeploymentPostprocessing = 0;
		};
/* End PBXResourcesBuildPhase section */

/* Begin PBXSourcesBuildPhase section */
		54EE4F21296FDC5C00CABE63 /* Sources */ = {
			isa = PBXSourcesBuildPhase;
			buildActionMask = 2147483647;
			files = (
				54EE4F2D296FDC5C00CABE63 /* ViewController.swift in Sources */,
				54EE4F29296FDC5C00CABE63 /* AppDelegate.swift in Sources */,
				54EE4F3D296FDD3D00CABE63 /* Person.swift in Sources */,
				54EE4F2B296FDC5C00CABE63 /* SceneDelegate.swift in Sources */,
			);
			runOnlyForDeploymentPostprocessing = 0;
		};
/* End PBXSourcesBuildPhase section */

/* Begin PBXVariantGroup section */
		54EE4F2E296FDC5C00CABE63 /* Main.storyboard */ = {
			isa = PBXVariantGroup;
			children = (
				54EE4F2F296FDC5C00CABE63 /* Base */,
			);
			name = Main.storyboard;
			sourceTree = "<group>";
		};
		54EE4F33296FDC5D00CABE63 /* LaunchScreen.storyboard */ = {
			isa = PBXVariantGroup;
			children = (
				54EE4F34296FDC5D00CABE63 /* Base */,
			);
			name = LaunchScreen.storyboard;
			sourceTree = "<group>";
		};
/* End PBXVariantGroup section */

/* Begin XCBuildConfiguration section */
		54EE4F37296FDC5D00CABE63 /* Debug */ = {
			isa = XCBuildConfiguration;
			buildSettings = {
				ALWAYS_SEARCH_USER_PATHS = NO;
				CLANG_ANALYZER_NONNULL = YES;
				CLANG_ANALYZER_NUMBER_OBJECT_CONVERSION = YES_AGGRESSIVE;
				CLANG_CXX_LANGUAGE_STANDARD = "gnu++20";
				CLANG_ENABLE_MODULES = YES;
				CLANG_ENABLE_OBJC_ARC = YES;
				CLANG_ENABLE_OBJC_WEAK = YES;
				CLANG_WARN_BLOCK_CAPTURE_AUTORELEASING = YES;
				CLANG_WARN_BOOL_CONVERSION = YES;
				CLANG_WARN_COMMA = YES;
				CLANG_WARN_CONSTANT_CONVERSION = YES;
				CLANG_WARN_DEPRECATED_OBJC_IMPLEMENTATIONS = YES;
				CLANG_WARN_DIRECT_OBJC_ISA_USAGE = YES_ERROR;
				CLANG_WARN_DOCUMENTATION_COMMENTS = YES;
				CLANG_WARN_EMPTY_BODY = YES;
				CLANG_WARN_ENUM_CONVERSION = YES;
				CLANG_WARN_INFINITE_RECURSION = YES;
				CLANG_WARN_INT_CONVERSION = YES;
				CLANG_WARN_NON_LITERAL_NULL_CONVERSION = YES;
				CLANG_WARN_OBJC_IMPLICIT_RETAIN_SELF = YES;
				CLANG_WARN_OBJC_LITERAL_CONVERSION = YES;
				CLANG_WARN_OBJC_ROOT_CLASS = YES_ERROR;
				CLANG_WARN_QUOTED_INCLUDE_IN_FRAMEWORK_HEADER = YES;
				CLANG_WARN_RANGE_LOOP_ANALYSIS = YES;
				CLANG_WARN_STRICT_PROTOTYPES = YES;
				CLANG_WARN_SUSPICIOUS_MOVE = YES;
				CLANG_WARN_UNGUARDED_AVAILABILITY = YES_AGGRESSIVE;
				CLANG_WARN_UNREACHABLE_CODE = YES;
				CLANG_WARN__DUPLICATE_METHOD_MATCH = YES;
				COPY_PHASE_STRIP = NO;
				DEBUG_INFORMATION_FORMAT = dwarf;
				ENABLE_STRICT_OBJC_MSGSEND = YES;
				ENABLE_TESTABILITY = YES;
				GCC_C_LANGUAGE_STANDARD = gnu11;
				GCC_DYNAMIC_NO_PIC = NO;
				GCC_NO_COMMON_BLOCKS = YES;
				GCC_OPTIMIZATION_LEVEL = 0;
				GCC_PREPROCESSOR_DEFINITIONS = (
					"DEBUG=1",
					"$(inherited)",
				);
				GCC_WARN_64_TO_32_BIT_CONVERSION = YES;
				GCC_WARN_ABOUT_RETURN_TYPE = YES_ERROR;
				GCC_WARN_UNDECLARED_SELECTOR = YES;
				GCC_WARN_UNINITIALIZED_AUTOS = YES_AGGRESSIVE;
				GCC_WARN_UNUSED_FUNCTION = YES;
				GCC_WARN_UNUSED_VARIABLE = YES;
				IPHONEOS_DEPLOYMENT_TARGET = 16.2;
				MTL_ENABLE_DEBUG_INFO = INCLUDE_SOURCE;
				MTL_FAST_MATH = YES;
				ONLY_ACTIVE_ARCH = YES;
				SDKROOT = iphoneos;
				SWIFT_ACTIVE_COMPILATION_CONDITIONS = DEBUG;
				SWIFT_OPTIMIZATION_LEVEL = "-Onone";
			};
			name = Debug;
		};
		54EE4F38296FDC5D00CABE63 /* Release */ = {
			isa = XCBuildConfiguration;
			buildSettings = {
				ALWAYS_SEARCH_USER_PATHS = NO;
				CLANG_ANALYZER_NONNULL = YES;
				CLANG_ANALYZER_NUMBER_OBJECT_CONVERSION = YES_AGGRESSIVE;
				CLANG_CXX_LANGUAGE_STANDARD = "gnu++20";
				CLANG_ENABLE_MODULES = YES;
				CLANG_ENABLE_OBJC_ARC = YES;
				CLANG_ENABLE_OBJC_WEAK = YES;
				CLANG_WARN_BLOCK_CAPTURE_AUTORELEASING = YES;
				CLANG_WARN_BOOL_CONVERSION = YES;
				CLANG_WARN_COMMA = YES;
				CLANG_WARN_CONSTANT_CONVERSION = YES;
				CLANG_WARN_DEPRECATED_OBJC_IMPLEMENTATIONS = YES;
				CLANG_WARN_DIRECT_OBJC_ISA_USAGE = YES_ERROR;
				CLANG_WARN_DOCUMENTATION_COMMENTS = YES;
				CLANG_WARN_EMPTY_BODY = YES;
				CLANG_WARN_ENUM_CONVERSION = YES;
				CLANG_WARN_INFINITE_RECURSION = YES;
				CLANG_WARN_INT_CONVERSION = YES;
				CLANG_WARN_NON_LITERAL_NULL_CONVERSION = YES;
				CLANG_WARN_OBJC_IMPLICIT_RETAIN_SELF = YES;
				CLANG_WARN_OBJC_LITERAL_CONVERSION = YES;
				CLANG_WARN_OBJC_ROOT_CLASS = YES_ERROR;
				CLANG_WARN_QUOTED_INCLUDE_IN_FRAMEWORK_HEADER = YES;
				CLANG_WARN_RANGE_LOOP_ANALYSIS = YES;
				CLANG_WARN_STRICT_PROTOTYPES = YES;
				CLANG_WARN_SUSPICIOUS_MOVE = YES;
				CLANG_WARN_UNGUARDED_AVAILABILITY = YES_AGGRESSIVE;
				CLANG_WARN_UNREACHABLE_CODE = YES;
				CLANG_WARN__DUPLICATE_METHOD_MATCH = YES;
				COPY_PHASE_STRIP = NO;
				DEBUG_INFORMATION_FORMAT = "dwarf-with-dsym";
				ENABLE_NS_ASSERTIONS = NO;
				ENABLE_STRICT_OBJC_MSGSEND = YES;
				GCC_C_LANGUAGE_STANDARD = gnu11;
				GCC_NO_COMMON_BLOCKS = YES;
				GCC_WARN_64_TO_32_BIT_CONVERSION = YES;
				GCC_WARN_ABOUT_RETURN_TYPE = YES_ERROR;
				GCC_WARN_UNDECLARED_SELECTOR = YES;
				GCC_WARN_UNINITIALIZED_AUTOS = YES_AGGRESSIVE;
				GCC_WARN_UNUSED_FUNCTION = YES;
				GCC_WARN_UNUSED_VARIABLE = YES;
				IPHONEOS_DEPLOYMENT_TARGET = 16.2;
				MTL_ENABLE_DEBUG_INFO = NO;
				MTL_FAST_MATH = YES;
				SDKROOT = iphoneos;
				SWIFT_COMPILATION_MODE = wholemodule;
				SWIFT_OPTIMIZATION_LEVEL = "-O";
				VALIDATE_PRODUCT = YES;
			};
			name = Release;
		};
		54EE4F3A296FDC5D00CABE63 /* Debug */ = {
			isa = XCBuildConfiguration;
			buildSettings = {
				ASSETCATALOG_COMPILER_APPICON_NAME = AppIcon;
				ASSETCATALOG_COMPILER_GLOBAL_ACCENT_COLOR_NAME = AccentColor;
				CODE_SIGN_STYLE = Automatic;
				CURRENT_PROJECT_VERSION = 1;
				DEVELOPMENT_TEAM = AAASSVY7UK;
				GENERATE_INFOPLIST_FILE = YES;
				INFOPLIST_FILE = GreatingApp/SupportFiles/Info.plist;
				INFOPLIST_KEY_UIApplicationSupportsIndirectInputEvents = YES;
				INFOPLIST_KEY_UILaunchStoryboardName = LaunchScreen;
				INFOPLIST_KEY_UIMainStoryboardFile = Main;
				INFOPLIST_KEY_UISupportedInterfaceOrientations = UIInterfaceOrientationPortrait;
				INFOPLIST_KEY_UISupportedInterfaceOrientations_iPad = "UIInterfaceOrientationLandscapeLeft UIInterfaceOrientationLandscapeRight UIInterfaceOrientationPortrait UIInterfaceOrientationPortraitUpsideDown";
				LD_RUNPATH_SEARCH_PATHS = (
					"$(inherited)",
					"@executable_path/Frameworks",
				);
				MARKETING_VERSION = 1.0;
				PRODUCT_BUNDLE_IDENTIFIER = NKh.GreatingApp;
				PRODUCT_NAME = "$(TARGET_NAME)";
				SUPPORTED_PLATFORMS = "iphoneos iphonesimulator";
				SUPPORTS_MACCATALYST = NO;
				SUPPORTS_MAC_DESIGNED_FOR_IPHONE_IPAD = NO;
				SWIFT_EMIT_LOC_STRINGS = YES;
				SWIFT_VERSION = 5.0;
				TARGETED_DEVICE_FAMILY = 1;
			};
			name = Debug;
		};
		54EE4F3B296FDC5D00CABE63 /* Release */ = {
			isa = XCBuildConfiguration;
			buildSettings = {
				ASSETCATALOG_COMPILER_APPICON_NAME = AppIcon;
				ASSETCATALOG_COMPILER_GLOBAL_ACCENT_COLOR_NAME = AccentColor;
				CODE_SIGN_STYLE = Automatic;
				CURRENT_PROJECT_VERSION = 1;
				DEVELOPMENT_TEAM = AAASSVY7UK;
				GENERATE_INFOPLIST_FILE = YES;
				INFOPLIST_FILE = GreatingApp/SupportFiles/Info.plist;
				INFOPLIST_KEY_UIApplicationSupportsIndirectInputEvents = YES;
				INFOPLIST_KEY_UILaunchStoryboardName = LaunchScreen;
				INFOPLIST_KEY_UIMainStoryboardFile = Main;
				INFOPLIST_KEY_UISupportedInterfaceOrientations = UIInterfaceOrientationPortrait;
				INFOPLIST_KEY_UISupportedInterfaceOrientations_iPad = "UIInterfaceOrientationLandscapeLeft UIInterfaceOrientationLandscapeRight UIInterfaceOrientationPortrait UIInterfaceOrientationPortraitUpsideDown";
				LD_RUNPATH_SEARCH_PATHS = (
					"$(inherited)",
					"@executable_path/Frameworks",
				);
				MARKETING_VERSION = 1.0;
				PRODUCT_BUNDLE_IDENTIFIER = NKh.GreatingApp;
				PRODUCT_NAME = "$(TARGET_NAME)";
				SUPPORTED_PLATFORMS = "iphoneos iphonesimulator";
				SUPPORTS_MACCATALYST = NO;
				SUPPORTS_MAC_DESIGNED_FOR_IPHONE_IPAD = NO;
				SWIFT_EMIT_LOC_STRINGS = YES;
				SWIFT_VERSION = 5.0;
				TARGETED_DEVICE_FAMILY = 1;
			};
			name = Release;
		};
/* End XCBuildConfiguration section */

/* Begin XCConfigurationList section */
		54EE4F20296FDC5C00CABE63 /* Build configuration list for PBXProject "GreatingApp" */ = {
			isa = XCConfigurationList;
			buildConfigurations = (
				54EE4F37296FDC5D00CABE63 /* Debug */,
				54EE4F38296FDC5D00CABE63 /* Release */,
			);
			defaultConfigurationIsVisible = 0;
			defaultConfigurationName = Release;
		};
		54EE4F39296FDC5D00CABE63 /* Build configuration list for PBXNativeTarget "GreatingApp" */ = {
			isa = XCConfigurationList;
			buildConfigurations = (
				54EE4F3A296FDC5D00CABE63 /* Debug */,
				54EE4F3B296FDC5D00CABE63 /* Release */,
			);
			defaultConfigurationIsVisible = 0;
			defaultConfigurationName = Release;
		};
/* End XCConfigurationList section */
	};
	rootObject = 54EE4F1D296FDC5C00CABE63 /* Project object */;
}
